
Microsoft Visual Studio Solution File, Format Version 12.00
# Visual Studio Version 16
VisualStudioVersion = 16.0.31515.178
MinimumVisualStudioVersion = 10.0.40219.1
Project("{FAE04EC0-301F-11D3-BF4B-00C04F79EFBC}") = "AppRestaurante", "AppRestaurante\AppRestaurante.csproj", "{78E2115F-29EF-42C3-86CA-FE343765A8BB}"
EndProject
Project("{FAE04EC0-301F-11D3-BF4B-00C04F79EFBC}") = "CapaNegocio", "CapaNegocio\CapaNegocio.csproj", "{26B602B1-1217-4A91-B5C4-5C65770E6DB4}"
EndProject
Global
	GlobalSection(SolutionConfigurationPlatforms) = preSolution
		Debug|Any CPU = Debug|Any CPU
		Release|Any CPU = Release|Any CPU
	EndGlobalSection
	GlobalSection(ProjectConfigurationPlatforms) = postSolution
		{78E2115F-29EF-42C3-86CA-FE343765A8BB}.Debug|Any CPU.ActiveCfg = Debug|Any CPU
		{78E2115F-29EF-42C3-86CA-FE343765A8BB}.Debug|Any CPU.Build.0 = Debug|Any CPU
		{78E2115F-29EF-42C3-86CA-FE343765A8BB}.Release|Any CPU.ActiveCfg = Release|Any CPU
		{78E2115F-29EF-42C3-86CA-FE343765A8BB}.Release|Any CPU.Build.0 = Release|Any CPU
		{26B602B1-1217-4A91-B5C4-5C65770E6DB4}.Debug|Any CPU.ActiveCfg = Debug|Any CPU
		{26B602B1-1217-4A91-B5C4-5C65770E6DB4}.Debug|Any CPU.Build.0 = Debug|Any CPU
		{26B602B1-1217-4A91-B5C4-5C65770E6DB4}.Release|Any CPU.ActiveCfg = Release|Any CPU
		{26B602B1-1217-4A91-B5C4-5C65770E6DB4}.Release|Any CPU.Build.0 = Release|Any CPU
	EndGlobalSection
	GlobalSection(SolutionProperties) = preSolution
		HideSolutionNode = FALSE
	EndGlobalSection
	GlobalSection(ExtensibilityGlobals) = postSolution
		SolutionGuid = {86D3BD22-1748-4293-B6A7-F98407914D50}
	EndGlobalSection
EndGlobal
